<?xml version="1.0" encoding="utf-8"?>
<Project ToolsVersion="4.0" xmlns="http://schemas.microsoft.com/developer/msbuild/2003">
  <ItemGroup>
    <Filter Include="App">
      <UniqueIdentifier>{60ca4fc3-74df-4ff7-a3e4-4cc3e470a829}</UniqueIdentifier>
    </Filter>
    <Filter Include="GameEngine">
      <UniqueIdentifier>{0be9019a-ceb0-4c88-9929-8d80b095841b}</UniqueIdentifier>
    </Filter>
    <Filter Include="GameEngine\WindowSystem">
      <UniqueIdentifier>{d4a107d4-1a4b-45e2-aec4-424d6e14d296}</UniqueIdentifier>
    </Filter>
    <Filter Include="GameEngine\GraphicsEngine">
      <UniqueIdentifier>{afe0abf6-cdbd-4f07-8ebd-4311ca27df74}</UniqueIdentifier>
    </Filter>
    <Filter Include="GameEngine\InputSystem">
      <UniqueIdentifier>{dd177070-86c9-4146-812f-446378e8624a}</UniqueIdentifier>
    </Filter>
    <Filter Include="GameEngine\Math">
      <UniqueIdentifier>{31cfecb5-2cc3-4c79-96b7-33b2a2ba5c21}</UniqueIdentifier>
    </Filter>
    <Filter Include="GameEngine\GraphicsEngine\RenderSystem">
      <UniqueIdentifier>{f91cf80d-8351-48b5-80da-7c3ab4151f90}</UniqueIdentifier>
    </Filter>
    <Filter Include="GameEngine\GraphicsEngine\RenderSystem\ConstantBuffer">
      <UniqueIdentifier>{1ea4be81-a008-4970-b575-2f34d2d6a3c5}</UniqueIdentifier>
    </Filter>
    <Filter Include="GameEngine\GraphicsEngine\RenderSystem\DeviceContext">
      <UniqueIdentifier>{e8335c6d-32ae-4631-b8dc-888d6350253a}</UniqueIdentifier>
    </Filter>
    <Filter Include="GameEngine\GraphicsEngine\RenderSystem\IndexBuffer">
      <UniqueIdentifier>{2acd0c25-2443-41d6-8975-03862dd6766d}</UniqueIdentifier>
    </Filter>
    <Filter Include="GameEngine\GraphicsEngine\RenderSystem\VertexBuffer">
      <UniqueIdentifier>{ca9783ef-df23-44c6-ba3b-5d6ccaa0ada9}</UniqueIdentifier>
    </Filter>
    <Filter Include="GameEngine\GraphicsEngine\RenderSystem\VertexShader">
      <UniqueIdentifier>{71adcf13-0495-4a74-908e-7ddcb5470c25}</UniqueIdentifier>
    </Filter>
    <Filter Include="GameEngine\GraphicsEngine\RenderSystem\PixelShader">
      <UniqueIdentifier>{408d531a-9de1-4c3a-90c2-4b97bfa40fd8}</UniqueIdentifier>
    </Filter>
    <Filter Include="GameEngine\GraphicsEngine\RenderSystem\SwapChain">
      <UniqueIdentifier>{8ae0ca02-bee2-4ceb-a0c3-14e173a53f3d}</UniqueIdentifier>
    </Filter>
    <Filter Include="GameEngine\GraphicsEngine\ResourceManager">
      <UniqueIdentifier>{d368853a-6582-4fba-822b-dd8f4fb402e1}</UniqueIdentifier>
    </Filter>
    <Filter Include="GameEngine\GraphicsEngine\ResourceManager\TextureManager">
      <UniqueIdentifier>{29ab3f02-192d-4ffe-85e5-b6f784ecefbe}</UniqueIdentifier>
    </Filter>
    <Filter Include="GameEngine\GraphicsEngine\ResourceManager\MeshManager">
      <UniqueIdentifier>{38b7616a-636e-4c5f-8368-ce4966cd3d40}</UniqueIdentifier>
    </Filter>
    <Filter Include="App\Shaders">
      <UniqueIdentifier>{cdbe1326-cfcc-46a5-b1ce-08c7a2c3883e}</UniqueIdentifier>
    </Filter>
    <Filter Include="GameEngine\GraphicsEngine\ResourceManager\Material">
      <UniqueIdentifier>{1d98dbd7-ba27-40da-ba87-6d371b70f95f}</UniqueIdentifier>
    </Filter>
    <Filter Include="GameEngine\UrbanEngine">
      <UniqueIdentifier>{6dca359b-97f1-413a-a746-58f5254d5f66}</UniqueIdentifier>
    </Filter>
    <Filter Include="ZipolorEngine">
      <UniqueIdentifier>{0e662699-05d0-418d-81c8-1257d81417b9}</UniqueIdentifier>
    </Filter>
    <Filter Include="GameEngine\UrbanEngine\Colliders">
      <UniqueIdentifier>{f04dfed4-c01c-4738-ba89-3aa8676ecbb6}</UniqueIdentifier>
    </Filter>
  </ItemGroup>
  <ItemGroup>
    <ClCompile Include="Window.cpp">
      <Filter>GameEngine\WindowSystem</Filter>
    </ClCompile>
    <ClCompile Include="AppWindow.cpp">
      <Filter>App</Filter>
    </ClCompile>
    <ClCompile Include="GraphicsEngine.cpp">
      <Filter>GameEngine\GraphicsEngine</Filter>
    </ClCompile>
    <ClCompile Include="DeviceContext.cpp">
      <Filter>GameEngine\GraphicsEngine\RenderSystem\DeviceContext</Filter>
    </ClCompile>
    <ClCompile Include="IndexBuffer.cpp">
      <Filter>GameEngine\GraphicsEngine\RenderSystem\IndexBuffer</Filter>
    </ClCompile>
    <ClCompile Include="InputSystem.cpp">
      <Filter>GameEngine\InputSystem</Filter>
    </ClCompile>
    <ClCompile Include="SwapChain.cpp">
      <Filter>GameEngine\GraphicsEngine\RenderSystem\SwapChain</Filter>
    </ClCompile>
    <ClCompile Include="PixelShader.cpp">
      <Filter>GameEngine\GraphicsEngine\RenderSystem\PixelShader</Filter>
    </ClCompile>
    <ClCompile Include="VertexShader.cpp">
      <Filter>GameEngine\GraphicsEngine\RenderSystem\VertexShader</Filter>
    </ClCompile>
    <ClCompile Include="VertexBuffer.cpp">
      <Filter>GameEngine\GraphicsEngine\RenderSystem\VertexBuffer</Filter>
    </ClCompile>
    <ClCompile Include="ConstantBuffer.cpp">
      <Filter>GameEngine\GraphicsEngine\RenderSystem\ConstantBuffer</Filter>
    </ClCompile>
    <ClCompile Include="RenderSystem.cpp">
      <Filter>GameEngine\GraphicsEngine\RenderSystem</Filter>
    </ClCompile>
    <ClCompile Include="ResourceManager.cpp">
      <Filter>GameEngine\GraphicsEngine\ResourceManager</Filter>
    </ClCompile>
    <ClCompile Include="Resource.cpp">
      <Filter>GameEngine\GraphicsEngine\ResourceManager</Filter>
    </ClCompile>
    <ClCompile Include="TextureManager.cpp">
      <Filter>GameEngine\GraphicsEngine\ResourceManager\TextureManager</Filter>
    </ClCompile>
    <ClCompile Include="Texture.cpp">
      <Filter>GameEngine\GraphicsEngine\ResourceManager\TextureManager</Filter>
    </ClCompile>
    <ClCompile Include="MeshManager.cpp">
      <Filter>GameEngine\GraphicsEngine\ResourceManager\MeshManager</Filter>
    </ClCompile>
    <ClCompile Include="Mesh.cpp">
      <Filter>GameEngine\GraphicsEngine\ResourceManager\MeshManager</Filter>
    </ClCompile>
    <ClCompile Include="Material.cpp">
      <Filter>GameEngine\GraphicsEngine\ResourceManager\Material</Filter>
    </ClCompile>
    <ClCompile Include="Physics.cpp">
      <Filter>GameEngine\UrbanEngine</Filter>
    </ClCompile>
    <ClCompile Include="UV.cpp">
      <Filter>App</Filter>
    </ClCompile>
    <ClCompile Include="Game.cpp">
      <Filter>App</Filter>
    </ClCompile>
    <ClCompile Include="SphereCollider.cpp">
      <Filter>GameEngine\UrbanEngine\Colliders</Filter>
    </ClCompile>
    <ClCompile Include="BoxCollider.cpp">
      <Filter>GameEngine\UrbanEngine\Colliders</Filter>
    </ClCompile>
    <ClCompile Include="MeshCollider.cpp">
      <Filter>GameEngine\UrbanEngine\Colliders</Filter>
    </ClCompile>
    <ClCompile Include="main.cpp">
      <Filter>App</Filter>
    </ClCompile>
    <ClCompile Include="Console.cpp">
      <Filter>App</Filter>
    </ClCompile>
  </ItemGroup>
  <ItemGroup>
    <ClInclude Include="AppWindow.h">
      <Filter>App</Filter>
    </ClInclude>
    <ClInclude Include="Window.h">
      <Filter>GameEngine\WindowSystem</Filter>
    </ClInclude>
    <ClInclude Include="GraphicsEngine.h">
      <Filter>GameEngine\GraphicsEngine</Filter>
    </ClInclude>
    <ClInclude Include="DeviceContext.h">
      <Filter>GameEngine\GraphicsEngine\RenderSystem\DeviceContext</Filter>
    </ClInclude>
    <ClInclude Include="IndexBuffer.h">
      <Filter>GameEngine\GraphicsEngine\RenderSystem\IndexBuffer</Filter>
    </ClInclude>
    <ClInclude Include="InputSystem.h">
      <Filter>GameEngine\InputSystem</Filter>
    </ClInclude>
    <ClInclude Include="InputListener.h">
      <Filter>GameEngine\InputSystem</Filter>
    </ClInclude>
    <ClInclude Include="Vector3.h">
      <Filter>GameEngine\Math</Filter>
    </ClInclude>
    <ClInclude Include="Vector4.h">
      <Filter>GameEngine\Math</Filter>
    </ClInclude>
    <ClInclude Include="Matrix4x4.h">
      <Filter>GameEngine\Math</Filter>
    </ClInclude>
    <ClInclude Include="Point.h">
      <Filter>GameEngine\Math</Filter>
    </ClInclude>
    <ClInclude Include="SwapChain.h">
      <Filter>GameEngine\GraphicsEngine\RenderSystem\SwapChain</Filter>
    </ClInclude>
    <ClInclude Include="PixelShader.h">
      <Filter>GameEngine\GraphicsEngine\RenderSystem\PixelShader</Filter>
    </ClInclude>
    <ClInclude Include="VertexShader.h">
      <Filter>GameEngine\GraphicsEngine\RenderSystem\VertexShader</Filter>
    </ClInclude>
    <ClInclude Include="VertexBuffer.h">
      <Filter>GameEngine\GraphicsEngine\RenderSystem\VertexBuffer</Filter>
    </ClInclude>
    <ClInclude Include="RenderSystem.h">
      <Filter>GameEngine\GraphicsEngine\RenderSystem</Filter>
    </ClInclude>
    <ClInclude Include="Prerequisites.h">
      <Filter>GameEngine\GraphicsEngine</Filter>
    </ClInclude>
    <ClInclude Include="ResourceManager.h">
      <Filter>GameEngine\GraphicsEngine\ResourceManager</Filter>
    </ClInclude>
    <ClInclude Include="Resource.h">
      <Filter>GameEngine\GraphicsEngine\ResourceManager</Filter>
    </ClInclude>
    <ClInclude Include="TextureManager.h">
      <Filter>GameEngine\GraphicsEngine\ResourceManager\TextureManager</Filter>
    </ClInclude>
    <ClInclude Include="Texture.h">
      <Filter>GameEngine\GraphicsEngine\ResourceManager\TextureManager</Filter>
    </ClInclude>
    <ClInclude Include="Vector2.h">
      <Filter>GameEngine\Math</Filter>
    </ClInclude>
    <ClInclude Include="MeshManager.h">
      <Filter>GameEngine\GraphicsEngine\ResourceManager\MeshManager</Filter>
    </ClInclude>
    <ClInclude Include="Mesh.h">
      <Filter>GameEngine\GraphicsEngine\ResourceManager\MeshManager</Filter>
    </ClInclude>
    <ClInclude Include="VertexMesh.h">
      <Filter>GameEngine\Math</Filter>
    </ClInclude>
    <ClInclude Include="Material.h">
      <Filter>GameEngine\GraphicsEngine\ResourceManager\Material</Filter>
    </ClInclude>
    <ClInclude Include="Quaternion.h">
      <Filter>GameEngine\Math</Filter>
    </ClInclude>
    <ClInclude Include="GameObject.h">
      <Filter>GameEngine\UrbanEngine</Filter>
    </ClInclude>
    <ClInclude Include="MeshRenderer.h">
      <Filter>GameEngine\UrbanEngine</Filter>
    </ClInclude>
    <ClInclude Include="Physics.h">
      <Filter>GameEngine\UrbanEngine</Filter>
    </ClInclude>
    <ClInclude Include="Rigidbody.h">
      <Filter>GameEngine\UrbanEngine</Filter>
    </ClInclude>
    <ClInclude Include="UrbanEngine.h">
      <Filter>GameEngine\UrbanEngine</Filter>
    </ClInclude>
    <ClInclude Include="Example.h">
      <Filter>ZipolorEngine</Filter>
    </ClInclude>
    <ClInclude Include="Math.h">
      <Filter>GameEngine\Math</Filter>
    </ClInclude>
    <ClInclude Include="Rotate.h">
      <Filter>ZipolorEngine</Filter>
    </ClInclude>
    <ClInclude Include="TimeSystem.h">
      <Filter>GameEngine\UrbanEngine</Filter>
    </ClInclude>
    <ClInclude Include="ZipolorEngine.h">
      <Filter>ZipolorEngine</Filter>
    </ClInclude>
    <ClInclude Include="Scene.h">
      <Filter>ZipolorEngine</Filter>
    </ClInclude>
    <ClInclude Include="Camera.h">
      <Filter>GameEngine\UrbanEngine</Filter>
    </ClInclude>
    <ClInclude Include="Input.h">
      <Filter>GameEngine\InputSystem</Filter>
    </ClInclude>
    <ClInclude Include="Player.h">
      <Filter>ZipolorEngine</Filter>
    </ClInclude>
    <ClInclude Include="Ray.h">
      <Filter>ZipolorEngine</Filter>
    </ClInclude>
    <ClInclude Include="Rect.h">
      <Filter>GameEngine\Math</Filter>
    </ClInclude>
    <ClInclude Include="Light.h">
      <Filter>GameEngine\UrbanEngine</Filter>
    </ClInclude>
    <ClInclude Include="Color.h">
      <Filter>GameEngine\Math</Filter>
    </ClInclude>
    <ClInclude Include="Pause.h">
      <Filter>ZipolorEngine</Filter>
    </ClInclude>
    <ClInclude Include="Cursor.h">
      <Filter>GameEngine\InputSystem</Filter>
    </ClInclude>
    <ClInclude Include="Take.h">
      <Filter>ZipolorEngine</Filter>
    </ClInclude>
    <ClInclude Include="UV.h">
      <Filter>App</Filter>
    </ClInclude>
    <ClInclude Include="Game.h">
      <Filter>App</Filter>
    </ClInclude>
    <ClInclude Include="InputHelper.h">
      <Filter>GameEngine\InputSystem</Filter>
    </ClInclude>
    <ClInclude Include="ConstantBuffer.h">
      <Filter>GameEngine\GraphicsEngine\RenderSystem\DeviceContext</Filter>
    </ClInclude>
    <ClInclude Include="SphereCollider.h">
      <Filter>GameEngine\UrbanEngine\Colliders</Filter>
    </ClInclude>
    <ClInclude Include="BoxCollider.h">
      <Filter>GameEngine\UrbanEngine\Colliders</Filter>
    </ClInclude>
    <ClInclude Include="Collider.h">
      <Filter>GameEngine\UrbanEngine\Colliders</Filter>
    </ClInclude>
    <ClInclude Include="MeshCollider.h">
      <Filter>GameEngine\UrbanEngine\Colliders</Filter>
    </ClInclude>
    <ClInclude Include="ThirdPersonController.h">
      <Filter>ZipolorEngine</Filter>
    </ClInclude>
    <ClInclude Include="KeyCode.h">
      <Filter>GameEngine\InputSystem</Filter>
    </ClInclude>
    <ClInclude Include="Sky.h">
      <Filter>ZipolorEngine</Filter>
    </ClInclude>
    <ClInclude Include="Console.h">
      <Filter>App</Filter>
    </ClInclude>
    <ClInclude Include="Rocket.h">
      <Filter>ZipolorEngine</Filter>
    </ClInclude>
    <ClInclude Include="Planet.h">
      <Filter>ZipolorEngine</Filter>
    </ClInclude>
    <ClInclude Include="LookAtObject.h">
      <Filter>ZipolorEngine</Filter>
    </ClInclude>
  </ItemGroup>
  <ItemGroup>
    <FxCompile Include="Assets\Shaders\Sky.hlsl">
      <Filter>App\Shaders</Filter>
    </FxCompile>
    <FxCompile Include="Assets\Shaders\StandartShader.hlsl">
      <Filter>App\Shaders</Filter>
    </FxCompile>
    <FxCompile Include="Assets\Shaders\SimpleShader.hlsl">
      <Filter>App\Shaders</Filter>
    </FxCompile>
    <FxCompile Include="Assets\Shaders\OutlineEffectShader.hlsl">
      <Filter>App\Shaders</Filter>
    </FxCompile>
    <FxCompile Include="Assets\Shaders\VertexMeshLayoutShader.hlsl">
      <Filter>GameEngine\GraphicsEngine</Filter>
    </FxCompile>
    <FxCompile Include="Assets\Shaders\PostProcessVS.hlsl">
      <Filter>GameEngine\GraphicsEngine</Filter>
    </FxCompile>
    <FxCompile Include="Assets\Shaders\UVShader.hlsl">
      <Filter>App\Shaders</Filter>
    </FxCompile>
    <FxCompile Include="Assets\Shaders\Transparent.hlsl">
      <Filter>App\Shaders</Filter>
    </FxCompile>
  </ItemGroup>
</Project>